# THIS IS AN AUTOGENERATED FILE. DO NOT EDIT THIS FILE DIRECTLY.
# yarn lockfile v1


"@formatjs/ecma402-abstract@1.6.5":
  version "1.6.5"
  resolved "https://registry.yarnpkg.com/@formatjs/ecma402-abstract/-/ecma402-abstract-1.6.5.tgz#ab461b6a284278ffe051ddd817537be4092e71be"
  integrity sha512-dhRWSoPPw8PhB5tSOEP9Gi5XZNFC2IkfP95Va70ouIuED0wBlsU1WmO4jDHITL7/kSNqvzKFTT+2S+6jHPq6jw==
  dependencies:
    tslib "^2.1.0"

"@formatjs/icu-messageformat-parser@1.1.6":
  version "1.1.6"
  resolved "https://registry.yarnpkg.com/@formatjs/icu-messageformat-parser/-/icu-messageformat-parser-1.1.6.tgz#1f970542edc7cc49df183b397c3a1cda1d40ad63"
  integrity sha512-ED5VvuJvx0Bswx/lsdbOBHggjJGoyUpBRDivAFl6VWWjGI+2btx6kCHAlDWEZtw7ekrsKTIRwFArkfZQMnNGYw==
  dependencies:
    "@formatjs/ecma402-abstract" "1.6.5"
    "@formatjs/icu-skeleton-parser" "1.1.2"
    tslib "^2.1.0"

"@formatjs/icu-skeleton-parser@1.1.2":
  version "1.1.2"
  resolved "https://registry.yarnpkg.com/@formatjs/icu-skeleton-parser/-/icu-skeleton-parser-1.1.2.tgz#b559f32a920ea6600df53735143b59e6cc087c1d"
  integrity sha512-R0hxPsnq9oOW50HnqKjzuqzUOEUWRdSqqt2wvLCwlFMEx6+MsLW35yzbB9fnxfRZ6vVnYO69TxBfXvvsK2VoUw==
  dependencies:
    "@formatjs/ecma402-abstract" "1.6.5"
    tslib "^2.1.0"

"@formatjs/intl-displaynames@4.0.13":
  version "4.0.13"
  resolved "https://registry.yarnpkg.com/@formatjs/intl-displaynames/-/intl-displaynames-4.0.13.tgz#48ed7a8c25e082ee93d3042d5a73c7c836c53503"
  integrity sha512-CESUtkEG0irEtU42zcz1iyN4epExeyqqlnD2UnmiL0xBzpFcUK0qnAGVGC5x6zSL5IQFaod/SXFUtjuO1xdYzQ==
  dependencies:
    "@formatjs/ecma402-abstract" "1.6.5"
    tslib "^2.1.0"

"@formatjs/intl-listformat@5.0.14":
  version "5.0.14"
  resolved "https://registry.yarnpkg.com/@formatjs/intl-listformat/-/intl-listformat-5.0.14.tgz#20862c464841dc4c46893db9144f3da5e9dc304e"
  integrity sha512-umdoZw3ERhAiJ/IUDprNvbmv8/uOZJbZYsdI45pgURIk9mlgiZ1Dysn+FdBF3T+3FW1iFginfCaIwofNXwB2AQ==
  dependencies:
    "@formatjs/ecma402-abstract" "1.6.5"
    tslib "^2.1.0"

"@formatjs/intl@1.10.0":
  version "1.10.0"
  resolved "https://registry.yarnpkg.com/@formatjs/intl/-/intl-1.10.0.tgz#325c92d57d09e1277a3e844bc909134098af56bc"
  integrity sha512-fBohMy+zw6B9KTkdloRc/5tPHA5meLU0DnFI+hWfIW104b3SZhtr4XRXq9KJGh45Edkfimw8G3D68JzvW6UIXw==
  dependencies:
    "@formatjs/ecma402-abstract" "1.6.5"
    "@formatjs/icu-messageformat-parser" "1.1.6"
    "@formatjs/intl-displaynames" "4.0.13"
    "@formatjs/intl-listformat" "5.0.14"
    fast-memoize "^2.5.2"
    intl-messageformat "9.6.8"
    tslib "^2.1.0"

"@types/hoist-non-react-statics@^3.3.1":
  version "3.3.1"
  resolved "https://registry.yarnpkg.com/@types/hoist-non-react-statics/-/hoist-non-react-statics-3.3.1.tgz#1124aafe5118cb591977aeb1ceaaed1070eb039f"
  integrity sha512-iMIqiko6ooLrTh1joXodJK5X9xeEALT1kM5G3ZLhD3hszxBdIEd5C75U834D9mLcINgD4OyZf5uQXjkuYydWvA==
  dependencies:
    "@types/react" "*"
    hoist-non-react-statics "^3.3.0"

"@types/node@^14.14.31":
  version "14.14.41"
  resolved "https://registry.yarnpkg.com/@types/node/-/node-14.14.41.tgz#d0b939d94c1d7bd53d04824af45f1139b8c45615"
  integrity sha512-dueRKfaJL4RTtSa7bWeTK1M+VH+Gns73oCgzvYfHZywRCoPSd8EkXBL0mZ9unPTveBn+D9phZBaxuzpwjWkW0g==

"@types/prop-types@*":
  version "15.7.3"
  resolved "https://registry.yarnpkg.com/@types/prop-types/-/prop-types-15.7.3.tgz#2ab0d5da2e5815f94b0b9d4b95d1e5f243ab2ca7"
  integrity sha512-KfRL3PuHmqQLOG+2tGpRO26Ctg+Cq1E01D2DMriKEATHgWLfeNDmq9e29Q9WIky0dQ3NPkd1mzYH8Lm936Z9qw==

"@types/react@*":
  version "17.0.3"
  resolved "https://registry.yarnpkg.com/@types/react/-/react-17.0.3.tgz#ba6e215368501ac3826951eef2904574c262cc79"
  integrity sha512-wYOUxIgs2HZZ0ACNiIayItyluADNbONl7kt8lkLjVK8IitMH5QMyAh75Fwhmo37r1m7L2JaFj03sIfxBVDvRAg==
  dependencies:
    "@types/prop-types" "*"
    "@types/scheduler" "*"
    csstype "^3.0.2"

"@types/react@^16.8.19":
  version "16.14.5"
  resolved "https://registry.yarnpkg.com/@types/react/-/react-16.14.5.tgz#2c39b5cadefaf4829818f9219e5e093325979f4d"
  integrity sha512-YRRv9DNZhaVTVRh9Wmmit7Y0UFhEVqXqCSw3uazRWMxa2x85hWQZ5BN24i7GXZbaclaLXEcodEeIHsjBA8eAMw==
  dependencies:
    "@types/prop-types" "*"
    "@types/scheduler" "*"
    csstype "^3.0.2"

"@types/scheduler@*":
  version "0.16.1"
  resolved "https://registry.yarnpkg.com/@types/scheduler/-/scheduler-0.16.1.tgz#18845205e86ff0038517aab7a18a62a6b9f71275"
  integrity sha512-EaCxbanVeyxDRTQBkdLb3Bvl/HK7PBK6UJjsSixB0iHKoWxE5uu2Q/DgtpOhPIojN0Zl1whvOd7PoHs2P0s5eA==

csstype@^3.0.2:
  version "3.0.8"
  resolved "https://registry.yarnpkg.com/csstype/-/csstype-3.0.8.tgz#d2266a792729fb227cd216fb572f43728e1ad340"
  integrity sha512-jXKhWqXPmlUeoQnF/EhTtTl4C9SnrxSH/jZUih3jmO6lBKr99rP3/+FmrMj4EFpOXzMtXHAZkd3x0E6h6Fgflw==

fast-memoize@^2.5.2:
  version "2.5.2"
  resolved "https://registry.yarnpkg.com/fast-memoize/-/fast-memoize-2.5.2.tgz#79e3bb6a4ec867ea40ba0e7146816f6cdce9b57e"
  integrity sha512-Ue0LwpDYErFbmNnZSF0UH6eImUwDmogUO1jyE+JbN2gsQz/jICm1Ve7t9QT0rNSsfJt+Hs4/S3GnsDVjL4HVrw==

hoist-non-react-statics@^3.3.0, hoist-non-react-statics@^3.3.2:
  version "3.3.2"
  resolved "https://registry.yarnpkg.com/hoist-non-react-statics/-/hoist-non-react-statics-3.3.2.tgz#ece0acaf71d62c2969c2ec59feff42a4b1a85b45"
  integrity sha512-/gGivxi8JPKWNm/W0jSmzcMPpfpPLc3dY/6GxhX2hQ9iGj3aDfklV4ET7NjKpSinLpJ5vafa9iiGIEZg10SfBw==
  dependencies:
    react-is "^16.7.0"

intl-messageformat@9.6.8:
  version "9.6.8"
  resolved "https://registry.yarnpkg.com/intl-messageformat/-/intl-messageformat-9.6.8.tgz#6059f810ee21411ca3d83a21bce00b2784f8b10f"
  integrity sha512-VOtRTSO0jq6MoUMyUoxXkclMfQmOPoJZJTNBPpF4uUULN9DYRZeUs2pQHWv0MmAF2owzZ8pqol9VH/Cx0k1xnw==
  dependencies:
    "@formatjs/icu-messageformat-parser" "1.1.6"
    fast-memoize "^2.5.2"
    tslib "^2.1.0"

"js-tokens@^3.0.0 || ^4.0.0":
  version "4.0.0"
  resolved "https://registry.yarnpkg.com/js-tokens/-/js-tokens-4.0.0.tgz#19203fb59991df98e3a287050d4647cdeaf32499"
  integrity sha512-RdJUflcE3cUzKiMqQgsCu06FPu9UdIJO0beYbPhHN4k6apgJtifcoCtT9bcxOpYBtpD2kCM6Sbzg4CausW/PKQ==

loose-envify@^1.1.0, loose-envify@^1.4.0:
  version "1.4.0"
  resolved "https://registry.yarnpkg.com/loose-envify/-/loose-envify-1.4.0.tgz#71ee51fa7be4caec1a63839f7e682d8132d30caf"
  integrity sha512-lyuxPGr/Wfhrlem2CL/UcnUc1zcqKAImBDzukY7Y5F/yQiNdko6+fRLevlw1HgMySw7f611UIY408EtxRSoK3Q==
  dependencies:
    js-tokens "^3.0.0 || ^4.0.0"

object-assign@^4.1.1:
  version "4.1.1"
  resolved "https://registry.yarnpkg.com/object-assign/-/object-assign-4.1.1.tgz#2109adc7965887cfc05cbbd442cac8bfbb360863"
  integrity sha1-IQmtx5ZYh8/AXLvUQsrIv7s2CGM=

prop-types@^15.6.2:
  version "15.7.2"
  resolved "https://registry.yarnpkg.com/prop-types/-/prop-types-15.7.2.tgz#52c41e75b8c87e72b9d9360e0206b99dcbffa6c5"
  integrity sha512-8QQikdH7//R2vurIJSutZ1smHYTcLpRWEOlHnzcWHmBYrOGUysKwSsrC89BCiFj3CbrfJ/nXFdJepOVrY1GCHQ==
  dependencies:
    loose-envify "^1.4.0"
    object-assign "^4.1.1"
    react-is "^16.8.1"

react-intl@^5.10.3:
  version "5.16.0"
  resolved "https://registry.yarnpkg.com/react-intl/-/react-intl-5.16.0.tgz#c13167966f864a11bdafa8e9ac5478cc3c11bff5"
  integrity sha512-DmTWrXkQLkOp0LiAIvNIzxqJ79CFscmjPQb1fYTJQpXPjGLiB+e2PE7CxxI7xTeUariINh4AXaYuGgKYXLUyxw==
  dependencies:
    "@formatjs/ecma402-abstract" "1.6.5"
    "@formatjs/icu-messageformat-parser" "1.1.6"
    "@formatjs/intl" "1.10.0"
    "@formatjs/intl-displaynames" "4.0.13"
    "@formatjs/intl-listformat" "5.0.14"
    "@types/hoist-non-react-statics" "^3.3.1"
    hoist-non-react-statics "^3.3.2"
    intl-messageformat "9.6.8"
    tslib "^2.1.0"

react-is@^16.7.0, react-is@^16.8.1:
  version "16.13.1"
  resolved "https://registry.yarnpkg.com/react-is/-/react-is-16.13.1.tgz#789729a4dc36de2999dc156dd6c1d9c18cea56a4"
  integrity sha512-24e6ynE2H+OKt4kqsOvNd8kBpV65zoxbA4BVsEOB3ARVWQki/DHzaUoC5KuON/BiccDaCCTZBuOcfZs70kR8bQ==

react@^16.8.6:
  version "16.14.0"
  resolved "https://registry.yarnpkg.com/react/-/react-16.14.0.tgz#94d776ddd0aaa37da3eda8fc5b6b18a4c9a3114d"
  integrity sha512-0X2CImDkJGApiAlcf0ODKIneSwBPhqJawOa5wCtKbu7ZECrmS26NvtSILynQ66cgkT/RJ4LidJOc3bUESwmU8g==
  dependencies:
    loose-envify "^1.1.0"
    object-assign "^4.1.1"
    prop-types "^15.6.2"

tslib@^2.1.0:
  version "2.2.0"
  resolved "https://registry.yarnpkg.com/tslib/-/tslib-2.2.0.tgz#fb2c475977e35e241311ede2693cee1ec6698f5c"
  integrity sha512-gS9GVHRU+RGn5KQM2rllAlR3dU6m7AcpJKdtH8gFvQiC4Otgk98XnmMU+nZenHt/+VhnBPWwgrJsyrdcw6i23w==
